
Microsoft Visual Studio Solution File, Format Version 12.00
# Visual Studio Version 16
VisualStudioVersion = 16.0.31019.35
MinimumVisualStudioVersion = 10.0.40219.1
Project("{8BC9CEB8-8B4A-11D0-8D11-00A0C91BC942}") = "Lab2.3", "Lab2.3\Lab2.3.vcxproj", "{83C18811-D440-4793-8187-7278E4B24F65}"
EndProject
Project("{8BC9CEB8-8B4A-11D0-8D11-00A0C91BC942}") = "UnitTest1", "UnitTest1\UnitTest1.vcxproj", "{41E2A610-B6E9-49F8-9528-4B205D599619}"
EndProject
Global
	GlobalSection(SolutionConfigurationPlatforms) = preSolution
		Debug|x64 = Debug|x64
		Debug|x86 = Debug|x86
		Release|x64 = Release|x64
		Release|x86 = Release|x86
	EndGlobalSection
	GlobalSection(ProjectConfigurationPlatforms) = postSolution
		{83C18811-D440-4793-8187-7278E4B24F65}.Debug|x64.ActiveCfg = Debug|x64
		{83C18811-D440-4793-8187-7278E4B24F65}.Debug|x64.Build.0 = Debug|x64
		{83C18811-D440-4793-8187-7278E4B24F65}.Debug|x86.ActiveCfg = Debug|Win32
		{83C18811-D440-4793-8187-7278E4B24F65}.Debug|x86.Build.0 = Debug|Win32
		{83C18811-D440-4793-8187-7278E4B24F65}.Release|x64.ActiveCfg = Release|x64
		{83C18811-D440-4793-8187-7278E4B24F65}.Release|x64.Build.0 = Release|x64
		{83C18811-D440-4793-8187-7278E4B24F65}.Release|x86.ActiveCfg = Release|Win32
		{83C18811-D440-4793-8187-7278E4B24F65}.Release|x86.Build.0 = Release|Win32
		{41E2A610-B6E9-49F8-9528-4B205D599619}.Debug|x64.ActiveCfg = Debug|x64
		{41E2A610-B6E9-49F8-9528-4B205D599619}.Debug|x64.Build.0 = Debug|x64
		{41E2A610-B6E9-49F8-9528-4B205D599619}.Debug|x86.ActiveCfg = Debug|Win32
		{41E2A610-B6E9-49F8-9528-4B205D599619}.Debug|x86.Build.0 = Debug|Win32
		{41E2A610-B6E9-49F8-9528-4B205D599619}.Release|x64.ActiveCfg = Release|x64
		{41E2A610-B6E9-49F8-9528-4B205D599619}.Release|x64.Build.0 = Release|x64
		{41E2A610-B6E9-49F8-9528-4B205D599619}.Release|x86.ActiveCfg = Release|Win32
		{41E2A610-B6E9-49F8-9528-4B205D599619}.Release|x86.Build.0 = Release|Win32
	EndGlobalSection
	GlobalSection(SolutionProperties) = preSolution
		HideSolutionNode = FALSE
	EndGlobalSection
	GlobalSection(ExtensibilityGlobals) = postSolution
		SolutionGuid = {85413DFA-38E2-43D1-8D18-D0FD306B8984}
	EndGlobalSection
EndGlobal
